
Microsoft Visual Studio Solution File, Format Version 12.00
Project("{FAE04EC0-301F-11D3-BF4B-00C04F79EFBC}") = "Calculator2", "Calculator2\Calculator2.csproj", "{2D4EEB22-91F0-4194-B541-901D7ABEB9EE}"
EndProject
Global
	GlobalSection(SolutionConfigurationPlatforms) = preSolution
		Debug|Any CPU = Debug|Any CPU
		Release|Any CPU = Release|Any CPU
	EndGlobalSection
	GlobalSection(ProjectConfigurationPlatforms) = postSolution
		{2D4EEB22-91F0-4194-B541-901D7ABEB9EE}.Debug|Any CPU.ActiveCfg = Debug|Any CPU
		{2D4EEB22-91F0-4194-B541-901D7ABEB9EE}.Debug|Any CPU.Build.0 = Debug|Any CPU
		{2D4EEB22-91F0-4194-B541-901D7ABEB9EE}.Release|Any CPU.ActiveCfg = Release|Any CPU
		{2D4EEB22-91F0-4194-B541-901D7ABEB9EE}.Release|Any CPU.Build.0 = Release|Any CPU
	EndGlobalSection
EndGlobal
